
Microsoft Visual Studio Solution File, Format Version 12.00
# Visual Studio Version 16
VisualStudioVersion = 16.0.30804.86
MinimumVisualStudioVersion = 10.0.40219.1
Project("{9A19103F-16F7-4668-BE54-9A1E7A4F7556}") = "DataAccess", "DataAccess\DataAccess.csproj", "{A7747CBA-1E9F-4DBD-A79C-C9FCD0863EDB}"
EndProject
Project("{9A19103F-16F7-4668-BE54-9A1E7A4F7556}") = "Business", "Business\Business.csproj", "{8AEECC01-3B4F-41C5-B7AA-868045BDF70D}"
EndProject
Project("{9A19103F-16F7-4668-BE54-9A1E7A4F7556}") = "Entities", "Entities\Entities.csproj", "{7B04D65D-B35E-427A-B13E-7985F59E4ECB}"
EndProject
Project("{9A19103F-16F7-4668-BE54-9A1E7A4F7556}") = "ConsoleUII", "ConsoleUII\ConsoleUII.csproj", "{BC4BF5A9-A48F-4ECB-82E7-DD6AB7DE2B0B}"
EndProject
Project("{9A19103F-16F7-4668-BE54-9A1E7A4F7556}") = "Core", "Core\Core.csproj", "{9608BD33-522E-4C7A-A541-668EC315F420}"
EndProject
Project("{FAE04EC0-301F-11D3-BF4B-00C04F79EFBC}") = "WebAPI", "WebAPI\WebAPI.csproj", "{FEB576B6-C718-439F-A061-1F6D612F54D3}"
EndProject
Global
	GlobalSection(SolutionConfigurationPlatforms) = preSolution
		Debug|Any CPU = Debug|Any CPU
		Release|Any CPU = Release|Any CPU
	EndGlobalSection
	GlobalSection(ProjectConfigurationPlatforms) = postSolution
		{A7747CBA-1E9F-4DBD-A79C-C9FCD0863EDB}.Debug|Any CPU.ActiveCfg = Debug|Any CPU
		{A7747CBA-1E9F-4DBD-A79C-C9FCD0863EDB}.Debug|Any CPU.Build.0 = Debug|Any CPU
		{A7747CBA-1E9F-4DBD-A79C-C9FCD0863EDB}.Release|Any CPU.ActiveCfg = Release|Any CPU
		{A7747CBA-1E9F-4DBD-A79C-C9FCD0863EDB}.Release|Any CPU.Build.0 = Release|Any CPU
		{8AEECC01-3B4F-41C5-B7AA-868045BDF70D}.Debug|Any CPU.ActiveCfg = Debug|Any CPU
		{8AEECC01-3B4F-41C5-B7AA-868045BDF70D}.Debug|Any CPU.Build.0 = Debug|Any CPU
		{8AEECC01-3B4F-41C5-B7AA-868045BDF70D}.Release|Any CPU.ActiveCfg = Release|Any CPU
		{8AEECC01-3B4F-41C5-B7AA-868045BDF70D}.Release|Any CPU.Build.0 = Release|Any CPU
		{7B04D65D-B35E-427A-B13E-7985F59E4ECB}.Debug|Any CPU.ActiveCfg = Debug|Any CPU
		{7B04D65D-B35E-427A-B13E-7985F59E4ECB}.Debug|Any CPU.Build.0 = Debug|Any CPU
		{7B04D65D-B35E-427A-B13E-7985F59E4ECB}.Release|Any CPU.ActiveCfg = Release|Any CPU
		{7B04D65D-B35E-427A-B13E-7985F59E4ECB}.Release|Any CPU.Build.0 = Release|Any CPU
		{BC4BF5A9-A48F-4ECB-82E7-DD6AB7DE2B0B}.Debug|Any CPU.ActiveCfg = Debug|Any CPU
		{BC4BF5A9-A48F-4ECB-82E7-DD6AB7DE2B0B}.Debug|Any CPU.Build.0 = Debug|Any CPU
		{BC4BF5A9-A48F-4ECB-82E7-DD6AB7DE2B0B}.Release|Any CPU.ActiveCfg = Release|Any CPU
		{BC4BF5A9-A48F-4ECB-82E7-DD6AB7DE2B0B}.Release|Any CPU.Build.0 = Release|Any CPU
		{9608BD33-522E-4C7A-A541-668EC315F420}.Debug|Any CPU.ActiveCfg = Debug|Any CPU
		{9608BD33-522E-4C7A-A541-668EC315F420}.Debug|Any CPU.Build.0 = Debug|Any CPU
		{9608BD33-522E-4C7A-A541-668EC315F420}.Release|Any CPU.ActiveCfg = Release|Any CPU
		{9608BD33-522E-4C7A-A541-668EC315F420}.Release|Any CPU.Build.0 = Release|Any CPU
		{FEB576B6-C718-439F-A061-1F6D612F54D3}.Debug|Any CPU.ActiveCfg = Debug|Any CPU
		{FEB576B6-C718-439F-A061-1F6D612F54D3}.Debug|Any CPU.Build.0 = Debug|Any CPU
		{FEB576B6-C718-439F-A061-1F6D612F54D3}.Release|Any CPU.ActiveCfg = Release|Any CPU
		{FEB576B6-C718-439F-A061-1F6D612F54D3}.Release|Any CPU.Build.0 = Release|Any CPU
	EndGlobalSection
	GlobalSection(SolutionProperties) = preSolution
		HideSolutionNode = FALSE
	EndGlobalSection
	GlobalSection(ExtensibilityGlobals) = postSolution
		SolutionGuid = {05ECE32E-54E5-40E9-B41B-68E2F1D23E8B}
	EndGlobalSection
EndGlobal
